// !$*UTF8*$!
{
	archiveVersion = 1;
	classes = {
	};
	objectVersion = 50;
	objects = {

/* Begin PBXBuildFile section */
		4953398C24A3B0A900399428 /* Service.m in Sources */ = {isa = PBXBuildFile; fileRef = 4953398B24A3B0A900399428 /* Service.m */; };
		4953399124A465E900399428 /* AboutViewCell.m in Sources */ = {isa = PBXBuildFile; fileRef = 4953399024A465E900399428 /* AboutViewCell.m */; };
		49540654249E47BD000B2B8A /* InfoViewController.m in Sources */ = {isa = PBXBuildFile; fileRef = 49540653249E47BD000B2B8A /* InfoViewController.m */; };
		4954065C249E48D1000B2B8A /* GalleryViewController.m in Sources */ = {isa = PBXBuildFile; fileRef = 4954065B249E48D1000B2B8A /* GalleryViewController.m */; };
		4954065F249E491A000B2B8A /* AboutViewController.m in Sources */ = {isa = PBXBuildFile; fileRef = 4954065E249E491A000B2B8A /* AboutViewController.m */; };
		4980C0CB249D41F5001172C3 /* AppDelegate.m in Sources */ = {isa = PBXBuildFile; fileRef = 4980C0CA249D41F5001172C3 /* AppDelegate.m */; };
		4980C0D1249D41F5001172C3 /* ViewController.m in Sources */ = {isa = PBXBuildFile; fileRef = 4980C0D0249D41F5001172C3 /* ViewController.m */; };
		4980C0D6249D41F8001172C3 /* Assets.xcassets in Resources */ = {isa = PBXBuildFile; fileRef = 4980C0D5249D41F8001172C3 /* Assets.xcassets */; };
		4980C0D9249D41F8001172C3 /* LaunchScreen.storyboard in Resources */ = {isa = PBXBuildFile; fileRef = 4980C0D7249D41F8001172C3 /* LaunchScreen.storyboard */; };
		4980C0DC249D41F8001172C3 /* main.m in Sources */ = {isa = PBXBuildFile; fileRef = 4980C0DB249D41F8001172C3 /* main.m */; };
		4980C0E9249D7183001172C3 /* Triangle.m in Sources */ = {isa = PBXBuildFile; fileRef = 4980C0E8249D7183001172C3 /* Triangle.m */; };
		4980C0EC249D8392001172C3 /* UIColor+ColorExtensions.m in Sources */ = {isa = PBXBuildFile; fileRef = 4980C0EB249D8392001172C3 /* UIColor+ColorExtensions.m */; };
		498CFF2A24A4B0CF007C37C2 /* FiguresTableViewCell.m in Sources */ = {isa = PBXBuildFile; fileRef = 498CFF2924A4B0CF007C37C2 /* FiguresTableViewCell.m */; };
		498CFF2D24A51342007C37C2 /* ButtonsTableViewCell.m in Sources */ = {isa = PBXBuildFile; fileRef = 498CFF2C24A51342007C37C2 /* ButtonsTableViewCell.m */; };
		49D4345E24A288D600831B65 /* ShowPictureViewController.m in Sources */ = {isa = PBXBuildFile; fileRef = 49D4345D24A288D600831B65 /* ShowPictureViewController.m */; };
		49F89E17249FE8FF00A20DB2 /* FileTableViewCell.m in Sources */ = {isa = PBXBuildFile; fileRef = 49F89E16249FE8FF00A20DB2 /* FileTableViewCell.m */; };
/* End PBXBuildFile section */

/* Begin PBXFileReference section */
		4953398A24A3B0A900399428 /* Service.h */ = {isa = PBXFileReference; lastKnownFileType = sourcecode.c.h; path = Service.h; sourceTree = "<group>"; };
		4953398B24A3B0A900399428 /* Service.m */ = {isa = PBXFileReference; lastKnownFileType = sourcecode.c.objc; path = Service.m; sourceTree = "<group>"; };
		4953398F24A465E900399428 /* AboutViewCell.h */ = {isa = PBXFileReference; lastKnownFileType = sourcecode.c.h; path = AboutViewCell.h; sourceTree = "<group>"; };
		4953399024A465E900399428 /* AboutViewCell.m */ = {isa = PBXFileReference; lastKnownFileType = sourcecode.c.objc; path = AboutViewCell.m; sourceTree = "<group>"; };
		49540652249E47BD000B2B8A /* InfoViewController.h */ = {isa = PBXFileReference; lastKnownFileType = sourcecode.c.h; path = InfoViewController.h; sourceTree = "<group>"; };
		49540653249E47BD000B2B8A /* InfoViewController.m */ = {isa = PBXFileReference; lastKnownFileType = sourcecode.c.objc; path = InfoViewController.m; sourceTree = "<group>"; };
		4954065A249E48D1000B2B8A /* GalleryViewController.h */ = {isa = PBXFileReference; lastKnownFileType = sourcecode.c.h; path = GalleryViewController.h; sourceTree = "<group>"; };
		4954065B249E48D1000B2B8A /* GalleryViewController.m */ = {isa = PBXFileReference; lastKnownFileType = sourcecode.c.objc; path = GalleryViewController.m; sourceTree = "<group>"; };
		4954065D249E491A000B2B8A /* AboutViewController.h */ = {isa = PBXFileReference; lastKnownFileType = sourcecode.c.h; path = AboutViewController.h; sourceTree = "<group>"; };
		4954065E249E491A000B2B8A /* AboutViewController.m */ = {isa = PBXFileReference; lastKnownFileType = sourcecode.c.objc; path = AboutViewController.m; sourceTree = "<group>"; };
		4980C0C6249D41F5001172C3 /* Figures.app */ = {isa = PBXFileReference; explicitFileType = wrapper.application; includeInIndex = 0; path = Figures.app; sourceTree = BUILT_PRODUCTS_DIR; };
		4980C0C9249D41F5001172C3 /* AppDelegate.h */ = {isa = PBXFileReference; lastKnownFileType = sourcecode.c.h; path = AppDelegate.h; sourceTree = "<group>"; };
		4980C0CA249D41F5001172C3 /* AppDelegate.m */ = {isa = PBXFileReference; lastKnownFileType = sourcecode.c.objc; path = AppDelegate.m; sourceTree = "<group>"; };
		4980C0CF249D41F5001172C3 /* ViewController.h */ = {isa = PBXFileReference; lastKnownFileType = sourcecode.c.h; path = ViewController.h; sourceTree = "<group>"; };
		4980C0D0249D41F5001172C3 /* ViewController.m */ = {isa = PBXFileReference; lastKnownFileType = sourcecode.c.objc; path = ViewController.m; sourceTree = "<group>"; };
		4980C0D5249D41F8001172C3 /* Assets.xcassets */ = {isa = PBXFileReference; lastKnownFileType = folder.assetcatalog; path = Assets.xcassets; sourceTree = "<group>"; };
		4980C0D8249D41F8001172C3 /* Base */ = {isa = PBXFileReference; lastKnownFileType = file.storyboard; name = Base; path = Base.lproj/LaunchScreen.storyboard; sourceTree = "<group>"; };
		4980C0DA249D41F8001172C3 /* Info.plist */ = {isa = PBXFileReference; lastKnownFileType = text.plist.xml; path = Info.plist; sourceTree = "<group>"; };
		4980C0DB249D41F8001172C3 /* main.m */ = {isa = PBXFileReference; lastKnownFileType = sourcecode.c.objc; path = main.m; sourceTree = "<group>"; };
		4980C0E7249D7183001172C3 /* Triangle.h */ = {isa = PBXFileReference; lastKnownFileType = sourcecode.c.h; path = Triangle.h; sourceTree = "<group>"; };
		4980C0E8249D7183001172C3 /* Triangle.m */ = {isa = PBXFileReference; lastKnownFileType = sourcecode.c.objc; path = Triangle.m; sourceTree = "<group>"; };
		4980C0EA249D8392001172C3 /* UIColor+ColorExtensions.h */ = {isa = PBXFileReference; lastKnownFileType = sourcecode.c.h; path = "UIColor+ColorExtensions.h"; sourceTree = "<group>"; };
		4980C0EB249D8392001172C3 /* UIColor+ColorExtensions.m */ = {isa = PBXFileReference; lastKnownFileType = sourcecode.c.objc; path = "UIColor+ColorExtensions.m"; sourceTree = "<group>"; };
		498CFF2824A4B0CF007C37C2 /* FiguresTableViewCell.h */ = {isa = PBXFileReference; lastKnownFileType = sourcecode.c.h; path = FiguresTableViewCell.h; sourceTree = "<group>"; };
		498CFF2924A4B0CF007C37C2 /* FiguresTableViewCell.m */ = {isa = PBXFileReference; lastKnownFileType = sourcecode.c.objc; path = FiguresTableViewCell.m; sourceTree = "<group>"; };
		498CFF2B24A51342007C37C2 /* ButtonsTableViewCell.h */ = {isa = PBXFileReference; lastKnownFileType = sourcecode.c.h; path = ButtonsTableViewCell.h; sourceTree = "<group>"; };
		498CFF2C24A51342007C37C2 /* ButtonsTableViewCell.m */ = {isa = PBXFileReference; lastKnownFileType = sourcecode.c.objc; path = ButtonsTableViewCell.m; sourceTree = "<group>"; };
		49D4345C24A288D600831B65 /* ShowPictureViewController.h */ = {isa = PBXFileReference; lastKnownFileType = sourcecode.c.h; path = ShowPictureViewController.h; sourceTree = "<group>"; };
		49D4345D24A288D600831B65 /* ShowPictureViewController.m */ = {isa = PBXFileReference; lastKnownFileType = sourcecode.c.objc; path = ShowPictureViewController.m; sourceTree = "<group>"; };
		49F89E15249FE8FF00A20DB2 /* FileTableViewCell.h */ = {isa = PBXFileReference; lastKnownFileType = sourcecode.c.h; path = FileTableViewCell.h; sourceTree = "<group>"; };
		49F89E16249FE8FF00A20DB2 /* FileTableViewCell.m */ = {isa = PBXFileReference; lastKnownFileType = sourcecode.c.objc; path = FileTableViewCell.m; sourceTree = "<group>"; };
/* End PBXFileReference section */

/* Begin PBXFrameworksBuildPhase section */
		4980C0C3249D41F5001172C3 /* Frameworks */ = {
			isa = PBXFrameworksBuildPhase;
			buildActionMask = 2147483647;
			files = (
			);
			runOnlyForDeploymentPostprocessing = 0;
		};
/* End PBXFrameworksBuildPhase section */

/* Begin PBXGroup section */
		4953398D24A3B0B900399428 /* Service */ = {
			isa = PBXGroup;
			children = (
				4953398A24A3B0A900399428 /* Service.h */,
				4953398B24A3B0A900399428 /* Service.m */,
			);
			path = Service;
			sourceTree = "<group>";
		};
		49540655249E47C5000B2B8A /* TabBarViewControllers */ = {
			isa = PBXGroup;
			children = (
				49540652249E47BD000B2B8A /* InfoViewController.h */,
				49540653249E47BD000B2B8A /* InfoViewController.m */,
				4954065A249E48D1000B2B8A /* GalleryViewController.h */,
				4954065B249E48D1000B2B8A /* GalleryViewController.m */,
				49D4345C24A288D600831B65 /* ShowPictureViewController.h */,
				49D4345D24A288D600831B65 /* ShowPictureViewController.m */,
				4954065D249E491A000B2B8A /* AboutViewController.h */,
				4954065E249E491A000B2B8A /* AboutViewController.m */,
			);
			path = TabBarViewControllers;
			sourceTree = "<group>";
		};
		49540656249E47DD000B2B8A /* MainViewController */ = {
			isa = PBXGroup;
			children = (
				4980C0CF249D41F5001172C3 /* ViewController.h */,
				4980C0D0249D41F5001172C3 /* ViewController.m */,
			);
			path = MainViewController;
			sourceTree = "<group>";
		};
		49540657249E47EF000B2B8A /* Extensions */ = {
			isa = PBXGroup;
			children = (
				4980C0EA249D8392001172C3 /* UIColor+ColorExtensions.h */,
				4980C0EB249D8392001172C3 /* UIColor+ColorExtensions.m */,
			);
			path = Extensions;
			sourceTree = "<group>";
		};
		49540658249E4817000B2B8A /* CustomViews */ = {
			isa = PBXGroup;
			children = (
				4980C0E7249D7183001172C3 /* Triangle.h */,
				4980C0E8249D7183001172C3 /* Triangle.m */,
				4953398F24A465E900399428 /* AboutViewCell.h */,
				4953399024A465E900399428 /* AboutViewCell.m */,
				498CFF2824A4B0CF007C37C2 /* FiguresTableViewCell.h */,
				498CFF2924A4B0CF007C37C2 /* FiguresTableViewCell.m */,
				49F89E15249FE8FF00A20DB2 /* FileTableViewCell.h */,
				49F89E16249FE8FF00A20DB2 /* FileTableViewCell.m */,
				498CFF2B24A51342007C37C2 /* ButtonsTableViewCell.h */,
				498CFF2C24A51342007C37C2 /* ButtonsTableViewCell.m */,
			);
			path = CustomViews;
			sourceTree = "<group>";
		};
		49540659249E4885000B2B8A /* SupportFiles */ = {
			isa = PBXGroup;
			children = (
				4980C0C9249D41F5001172C3 /* AppDelegate.h */,
				4980C0CA249D41F5001172C3 /* AppDelegate.m */,
			);
			path = SupportFiles;
			sourceTree = "<group>";
		};
		4980C0BD249D41F5001172C3 = {
			isa = PBXGroup;
			children = (
				4980C0C8249D41F5001172C3 /* Figures */,
				4980C0C7249D41F5001172C3 /* Products */,
			);
			sourceTree = "<group>";
		};
		4980C0C7249D41F5001172C3 /* Products */ = {
			isa = PBXGroup;
			children = (
				4980C0C6249D41F5001172C3 /* Figures.app */,
			);
			name = Products;
			sourceTree = "<group>";
		};
		4980C0C8249D41F5001172C3 /* Figures */ = {
			isa = PBXGroup;
			children = (
				4953398D24A3B0B900399428 /* Service */,
				4980C0D7249D41F8001172C3 /* LaunchScreen.storyboard */,
				4980C0DA249D41F8001172C3 /* Info.plist */,
				4980C0DB249D41F8001172C3 /* main.m */,
				4980C0D5249D41F8001172C3 /* Assets.xcassets */,
				49540659249E4885000B2B8A /* SupportFiles */,
				49540658249E4817000B2B8A /* CustomViews */,
				49540657249E47EF000B2B8A /* Extensions */,
				49540656249E47DD000B2B8A /* MainViewController */,
				49540655249E47C5000B2B8A /* TabBarViewControllers */,
			);
			path = Figures;
			sourceTree = "<group>";
		};
/* End PBXGroup section */

/* Begin PBXNativeTarget section */
		4980C0C5249D41F5001172C3 /* Figures */ = {
			isa = PBXNativeTarget;
			buildConfigurationList = 4980C0DF249D41F8001172C3 /* Build configuration list for PBXNativeTarget "Figures" */;
			buildPhases = (
				4980C0C2249D41F5001172C3 /* Sources */,
				4980C0C3249D41F5001172C3 /* Frameworks */,
				4980C0C4249D41F5001172C3 /* Resources */,
			);
			buildRules = (
			);
			dependencies = (
			);
			name = Figures;
			productName = Figures;
			productReference = 4980C0C6249D41F5001172C3 /* Figures.app */;
			productType = "com.apple.product-type.application";
		};
/* End PBXNativeTarget section */

/* Begin PBXProject section */
		4980C0BE249D41F5001172C3 /* Project object */ = {
			isa = PBXProject;
			attributes = {
				LastUpgradeCheck = 1130;
				ORGANIZATIONNAME = "Andrey Dorofeev";
				TargetAttributes = {
					4980C0C5249D41F5001172C3 = {
						CreatedOnToolsVersion = 11.3.1;
					};
				};
			};
			buildConfigurationList = 4980C0C1249D41F5001172C3 /* Build configuration list for PBXProject "Figures" */;
			compatibilityVersion = "Xcode 9.3";
			developmentRegion = en;
			hasScannedForEncodings = 0;
			knownRegions = (
				en,
				Base,
			);
			mainGroup = 4980C0BD249D41F5001172C3;
			productRefGroup = 4980C0C7249D41F5001172C3 /* Products */;
			projectDirPath = "";
			projectRoot = "";
			targets = (
				4980C0C5249D41F5001172C3 /* Figures */,
			);
		};
/* End PBXProject section */

/* Begin PBXResourcesBuildPhase section */
		4980C0C4249D41F5001172C3 /* Resources */ = {
			isa = PBXResourcesBuildPhase;
			buildActionMask = 2147483647;
			files = (
				4980C0D9249D41F8001172C3 /* LaunchScreen.storyboard in Resources */,
				4980C0D6249D41F8001172C3 /* Assets.xcassets in Resources */,
			);
			runOnlyForDeploymentPostprocessing = 0;
		};
/* End PBXResourcesBuildPhase section */

/* Begin PBXSourcesBuildPhase section */
		4980C0C2249D41F5001172C3 /* Sources */ = {
			isa = PBXSourcesBuildPhase;
			buildActionMask = 2147483647;
			files = (
				498CFF2A24A4B0CF007C37C2 /* FiguresTableViewCell.m in Sources */,
				4954065F249E491A000B2B8A /* AboutViewController.m in Sources */,
				49D4345E24A288D600831B65 /* ShowPictureViewController.m in Sources */,
				4980C0D1249D41F5001172C3 /* ViewController.m in Sources */,
				4954065C249E48D1000B2B8A /* GalleryViewController.m in Sources */,
				4953399124A465E900399428 /* AboutViewCell.m in Sources */,
				4980C0CB249D41F5001172C3 /* AppDelegate.m in Sources */,
				498CFF2D24A51342007C37C2 /* ButtonsTableViewCell.m in Sources */,
				4953398C24A3B0A900399428 /* Service.m in Sources */,
				4980C0E9249D7183001172C3 /* Triangle.m in Sources */,
				4980C0EC249D8392001172C3 /* UIColor+ColorExtensions.m in Sources */,
				49F89E17249FE8FF00A20DB2 /* FileTableViewCell.m in Sources */,
				4980C0DC249D41F8001172C3 /* main.m in Sources */,
				49540654249E47BD000B2B8A /* InfoViewController.m in Sources */,
			);
			runOnlyForDeploymentPostprocessing = 0;
		};
/* End PBXSourcesBuildPhase section */

/* Begin PBXVariantGroup section */
		4980C0D7249D41F8001172C3 /* LaunchScreen.storyboard */ = {
			isa = PBXVariantGroup;
			children = (
				4980C0D8249D41F8001172C3 /* Base */,
			);
			name = LaunchScreen.storyboard;
			sourceTree = "<group>";
		};
/* End PBXVariantGroup section */

/* Begin XCBuildConfiguration section */
		4980C0DD249D41F8001172C3 /* Debug */ = {
			isa = XCBuildConfiguration;
			buildSettings = {
				ALWAYS_SEARCH_USER_PATHS = NO;
				CLANG_ANALYZER_NONNULL = YES;
				CLANG_ANALYZER_NUMBER_OBJECT_CONVERSION = YES_AGGRESSIVE;
				CLANG_CXX_LANGUAGE_STANDARD = "gnu++14";
				CLANG_CXX_LIBRARY = "libc++";
				CLANG_ENABLE_MODULES = YES;
				CLANG_ENABLE_OBJC_ARC = YES;
				CLANG_ENABLE_OBJC_WEAK = YES;
				CLANG_WARN_BLOCK_CAPTURE_AUTORELEASING = YES;
				CLANG_WARN_BOOL_CONVERSION = YES;
				CLANG_WARN_COMMA = YES;
				CLANG_WARN_CONSTANT_CONVERSION = YES;
				CLANG_WARN_DEPRECATED_OBJC_IMPLEMENTATIONS = YES;
				CLANG_WARN_DIRECT_OBJC_ISA_USAGE = YES_ERROR;
				CLANG_WARN_DOCUMENTATION_COMMENTS = YES;
				CLANG_WARN_EMPTY_BODY = YES;
				CLANG_WARN_ENUM_CONVERSION = YES;
				CLANG_WARN_INFINITE_RECURSION = YES;
				CLANG_WARN_INT_CONVERSION = YES;
				CLANG_WARN_NON_LITERAL_NULL_CONVERSION = YES;
				CLANG_WARN_OBJC_IMPLICIT_RETAIN_SELF = YES;
				CLANG_WARN_OBJC_LITERAL_CONVERSION = YES;
				CLANG_WARN_OBJC_ROOT_CLASS = YES_ERROR;
				CLANG_WARN_RANGE_LOOP_ANALYSIS = YES;
				CLANG_WARN_STRICT_PROTOTYPES = YES;
				CLANG_WARN_SUSPICIOUS_MOVE = YES;
				CLANG_WARN_UNGUARDED_AVAILABILITY = YES_AGGRESSIVE;
				CLANG_WARN_UNREACHABLE_CODE = YES;
				CLANG_WARN__DUPLICATE_METHOD_MATCH = YES;
				COPY_PHASE_STRIP = NO;
				DEBUG_INFORMATION_FORMAT = dwarf;
				ENABLE_STRICT_OBJC_MSGSEND = YES;
				ENABLE_TESTABILITY = YES;
				GCC_C_LANGUAGE_STANDARD = gnu11;
				GCC_DYNAMIC_NO_PIC = NO;
				GCC_NO_COMMON_BLOCKS = YES;
				GCC_OPTIMIZATION_LEVEL = 0;
				GCC_PREPROCESSOR_DEFINITIONS = (
					"DEBUG=1",
					"$(inherited)",
				);
				GCC_WARN_64_TO_32_BIT_CONVERSION = YES;
				GCC_WARN_ABOUT_RETURN_TYPE = YES_ERROR;
				GCC_WARN_UNDECLARED_SELECTOR = YES;
				GCC_WARN_UNINITIALIZED_AUTOS = YES_AGGRESSIVE;
				GCC_WARN_UNUSED_FUNCTION = YES;
				GCC_WARN_UNUSED_VARIABLE = YES;
				IPHONEOS_DEPLOYMENT_TARGET = 13.2;
				MTL_ENABLE_DEBUG_INFO = INCLUDE_SOURCE;
				MTL_FAST_MATH = YES;
				ONLY_ACTIVE_ARCH = YES;
				SDKROOT = iphoneos;
			};
			name = Debug;
		};
		4980C0DE249D41F8001172C3 /* Release */ = {
			isa = XCBuildConfiguration;
			buildSettings = {
				ALWAYS_SEARCH_USER_PATHS = NO;
				CLANG_ANALYZER_NONNULL = YES;
				CLANG_ANALYZER_NUMBER_OBJECT_CONVERSION = YES_AGGRESSIVE;
				CLANG_CXX_LANGUAGE_STANDARD = "gnu++14";
				CLANG_CXX_LIBRARY = "libc++";
				CLANG_ENABLE_MODULES = YES;
				CLANG_ENABLE_OBJC_ARC = YES;
				CLANG_ENABLE_OBJC_WEAK = YES;
				CLANG_WARN_BLOCK_CAPTURE_AUTORELEASING = YES;
				CLANG_WARN_BOOL_CONVERSION = YES;
				CLANG_WARN_COMMA = YES;
				CLANG_WARN_CONSTANT_CONVERSION = YES;
				CLANG_WARN_DEPRECATED_OBJC_IMPLEMENTATIONS = YES;
				CLANG_WARN_DIRECT_OBJC_ISA_USAGE = YES_ERROR;
				CLANG_WARN_DOCUMENTATION_COMMENTS = YES;
				CLANG_WARN_EMPTY_BODY = YES;
				CLANG_WARN_ENUM_CONVERSION = YES;
				CLANG_WARN_INFINITE_RECURSION = YES;
				CLANG_WARN_INT_CONVERSION = YES;
				CLANG_WARN_NON_LITERAL_NULL_CONVERSION = YES;
				CLANG_WARN_OBJC_IMPLICIT_RETAIN_SELF = YES;
				CLANG_WARN_OBJC_LITERAL_CONVERSION = YES;
				CLANG_WARN_OBJC_ROOT_CLASS = YES_ERROR;
				CLANG_WARN_RANGE_LOOP_ANALYSIS = YES;
				CLANG_WARN_STRICT_PROTOTYPES = YES;
				CLANG_WARN_SUSPICIOUS_MOVE = YES;
				CLANG_WARN_UNGUARDED_AVAILABILITY = YES_AGGRESSIVE;
				CLANG_WARN_UNREACHABLE_CODE = YES;
				CLANG_WARN__DUPLICATE_METHOD_MATCH = YES;
				COPY_PHASE_STRIP = NO;
				DEBUG_INFORMATION_FORMAT = "dwarf-with-dsym";
				ENABLE_NS_ASSERTIONS = NO;
				ENABLE_STRICT_OBJC_MSGSEND = YES;
				GCC_C_LANGUAGE_STANDARD = gnu11;
				GCC_NO_COMMON_BLOCKS = YES;
				GCC_WARN_64_TO_32_BIT_CONVERSION = YES;
				GCC_WARN_ABOUT_RETURN_TYPE = YES_ERROR;
				GCC_WARN_UNDECLARED_SELECTOR = YES;
				GCC_WARN_UNINITIALIZED_AUTOS = YES_AGGRESSIVE;
				GCC_WARN_UNUSED_FUNCTION = YES;
				GCC_WARN_UNUSED_VARIABLE = YES;
				IPHONEOS_DEPLOYMENT_TARGET = 13.2;
				MTL_ENABLE_DEBUG_INFO = NO;
				MTL_FAST_MATH = YES;
				SDKROOT = iphoneos;
				VALIDATE_PRODUCT = YES;
			};
			name = Release;
		};
		4980C0E0249D41F8001172C3 /* Debug */ = {
			isa = XCBuildConfiguration;
			buildSettings = {
				ASSETCATALOG_COMPILER_APPICON_NAME = AppIcon;
				CODE_SIGN_STYLE = Automatic;
				DEVELOPMENT_TEAM = B599Q8KG5V;
				INFOPLIST_FILE = Figures/Info.plist;
				IPHONEOS_DEPLOYMENT_TARGET = 10.0;
				LD_RUNPATH_SEARCH_PATHS = (
					"$(inherited)",
					"@executable_path/Frameworks",
				);
				PRODUCT_BUNDLE_IDENTIFIER = dorfandy.Figures;
				PRODUCT_NAME = "$(TARGET_NAME)";
				TARGETED_DEVICE_FAMILY = "1,2";
			};
			name = Debug;
		};
		4980C0E1249D41F8001172C3 /* Release */ = {
			isa = XCBuildConfiguration;
			buildSettings = {
				ASSETCATALOG_COMPILER_APPICON_NAME = AppIcon;
				CODE_SIGN_STYLE = Automatic;
				DEVELOPMENT_TEAM = B599Q8KG5V;
				INFOPLIST_FILE = Figures/Info.plist;
				IPHONEOS_DEPLOYMENT_TARGET = 10.0;
				LD_RUNPATH_SEARCH_PATHS = (
					"$(inherited)",
					"@executable_path/Frameworks",
				);
				PRODUCT_BUNDLE_IDENTIFIER = dorfandy.Figures;
				PRODUCT_NAME = "$(TARGET_NAME)";
				TARGETED_DEVICE_FAMILY = "1,2";
			};
			name = Release;
		};
/* End XCBuildConfiguration section */

/* Begin XCConfigurationList section */
		4980C0C1249D41F5001172C3 /* Build configuration list for PBXProject "Figures" */ = {
			isa = XCConfigurationList;
			buildConfigurations = (
				4980C0DD249D41F8001172C3 /* Debug */,
				4980C0DE249D41F8001172C3 /* Release */,
			);
			defaultConfigurationIsVisible = 0;
			defaultConfigurationName = Release;
		};
		4980C0DF249D41F8001172C3 /* Build configuration list for PBXNativeTarget "Figures" */ = {
			isa = XCConfigurationList;
			buildConfigurations = (
				4980C0E0249D41F8001172C3 /* Debug */,
				4980C0E1249D41F8001172C3 /* Release */,
			);
			defaultConfigurationIsVisible = 0;
			defaultConfigurationName = Release;
		};
/* End XCConfigurationList section */
	};
	rootObject = 4980C0BE249D41F5001172C3 /* Project object */;
}
